{
  "version": 4,
  "terraform_version": "1.15.5",
  "serial": 14,
  "lineage": "e7ad17b2-934d-a016-1e32-124fc212948c",
  "outputs": {
    "application_name": {
      "value": "SureshBlog",
      "type": "string"
    },
    "application_name_with_suffix": {
      "value": "SureshBlog-jg7g5w",
      "type": "string"
    },
    "environment_name": {
      "value": "dev",
      "type": "string"
    },
    "suffix": {
      "value": "jg7g5w",
      "type": "string"
    }
  },
  "resources": [
    {
      "mode": "managed",
      "type": "random_string",
      "name": "suffix",
      "provider": "provider[\"registry.terraform.io/hashicorp/random\"]",
      "instances": [
        {
          "schema_version": 2,
          "attributes": {
            "id": "jg7g5w",
            "keepers": null,
            "length": 6,
            "lower": true,
            "min_lower": 0,
            "min_numeric": 0,
            "min_special": 0,
            "min_upper": 0,
            "number": true,
            "numeric": true,
            "override_special": null,
            "result": "jg7g5w",
            "special": false,
            "upper": false
          },
          "sensitive_attributes": [],
          "identity_schema_version": 0
        }
      ]
    }
  ],
  "check_results": null
}
